
Microsoft Visual Studio Solution File, Format Version 12.00
# Visual Studio 15
VisualStudioVersion = 15.0.27004.2002
MinimumVisualStudioVersion = 10.0.40219.1
Project("{FAE04EC0-301F-11D3-BF4B-00C04F79EFBC}") = "SearchInterface", "SearchInterface\SearchInterface.csproj", "{BB7C1E7F-7D5D-4580-88DF-63EA1DF58F13}"
EndProject
Project("{FAE04EC0-301F-11D3-BF4B-00C04F79EFBC}") = "CadBoardData", "..\..\CadBoardData\CadBoardData.csproj", "{A61842E8-DC11-4A85-9184-EF40AD760388}"
EndProject
Global
	GlobalSection(SolutionConfigurationPlatforms) = preSolution
		Debug|Any CPU = Debug|Any CPU
		Release|Any CPU = Release|Any CPU
	EndGlobalSection
	GlobalSection(ProjectConfigurationPlatforms) = postSolution
		{BB7C1E7F-7D5D-4580-88DF-63EA1DF58F13}.Debug|Any CPU.ActiveCfg = Debug|Any CPU
		{BB7C1E7F-7D5D-4580-88DF-63EA1DF58F13}.Debug|Any CPU.Build.0 = Debug|Any CPU
		{BB7C1E7F-7D5D-4580-88DF-63EA1DF58F13}.Release|Any CPU.ActiveCfg = Release|Any CPU
		{BB7C1E7F-7D5D-4580-88DF-63EA1DF58F13}.Release|Any CPU.Build.0 = Release|Any CPU
		{A61842E8-DC11-4A85-9184-EF40AD760388}.Debug|Any CPU.ActiveCfg = Debug|Any CPU
		{A61842E8-DC11-4A85-9184-EF40AD760388}.Debug|Any CPU.Build.0 = Debug|Any CPU
		{A61842E8-DC11-4A85-9184-EF40AD760388}.Release|Any CPU.ActiveCfg = Release|Any CPU
		{A61842E8-DC11-4A85-9184-EF40AD760388}.Release|Any CPU.Build.0 = Release|Any CPU
	EndGlobalSection
	GlobalSection(SolutionProperties) = preSolution
		HideSolutionNode = FALSE
	EndGlobalSection
	GlobalSection(ExtensibilityGlobals) = postSolution
		SolutionGuid = {8A67A55D-A0D1-4F44-9CE5-6E99EA4A1B67}
	EndGlobalSection
EndGlobal
