
Microsoft Visual Studio Solution File, Format Version 12.00
# Visual Studio 14
VisualStudioVersion = 14.0.25420.1
MinimumVisualStudioVersion = 10.0.40219.1
Project("{FAE04EC0-301F-11D3-BF4B-00C04F79EFBC}") = "AddInGost", "AddInGost\AddInGost.csproj", "{B4D68D82-7902-4117-A6EB-06BED7FDEA32}"
EndProject
Project("{FAE04EC0-301F-11D3-BF4B-00C04F79EFBC}") = "CadBoardData", "..\..\CadBoardData\CadBoardData.csproj", "{A61842E8-DC11-4A85-9184-EF40AD760388}"
EndProject
Project("{FAE04EC0-301F-11D3-BF4B-00C04F79EFBC}") = "ReportsESKD", "..\..\Reports\ReportsESKD\ReportsESKD.csproj", "{04C37611-52F9-4A28-B7A5-787F241D083A}"
EndProject
Project("{FAE04EC0-301F-11D3-BF4B-00C04F79EFBC}") = "ReportsOutput", "..\..\Reports\ReportsOutput\ReportsOutput.csproj", "{4B29EB96-EF44-4BE4-A825-65FF18E3C19F}"
EndProject
Project("{FAE04EC0-301F-11D3-BF4B-00C04F79EFBC}") = "SolidworksNotes", "..\SolidworksNotes\SolidworksNotes.csproj", "{8DEFCEA1-2D20-4CA8-85CD-82C404C31CEF}"
EndProject
Project("{FAE04EC0-301F-11D3-BF4B-00C04F79EFBC}") = "SolidworksBoardData", "..\SolidworksBoardData\SolidworksBoardData.csproj", "{3CFEC6F8-6E8D-4C55-B1F8-585D0E0DF7BD}"
EndProject
Project("{FAE04EC0-301F-11D3-BF4B-00C04F79EFBC}") = "DesignatorDictionary", "..\..\Reports\DesignatorDictionary\DesignatorDictionary.csproj", "{8974EC36-079C-46A8-B455-81AB8E68CAD6}"
EndProject
Global
	GlobalSection(SolutionConfigurationPlatforms) = preSolution
		Debug|Any CPU = Debug|Any CPU
		Release|Any CPU = Release|Any CPU
	EndGlobalSection
	GlobalSection(ProjectConfigurationPlatforms) = postSolution
		{B4D68D82-7902-4117-A6EB-06BED7FDEA32}.Debug|Any CPU.ActiveCfg = Debug|Any CPU
		{B4D68D82-7902-4117-A6EB-06BED7FDEA32}.Debug|Any CPU.Build.0 = Debug|Any CPU
		{B4D68D82-7902-4117-A6EB-06BED7FDEA32}.Release|Any CPU.ActiveCfg = Release|Any CPU
		{B4D68D82-7902-4117-A6EB-06BED7FDEA32}.Release|Any CPU.Build.0 = Release|Any CPU
		{A61842E8-DC11-4A85-9184-EF40AD760388}.Debug|Any CPU.ActiveCfg = Debug|Any CPU
		{A61842E8-DC11-4A85-9184-EF40AD760388}.Debug|Any CPU.Build.0 = Debug|Any CPU
		{A61842E8-DC11-4A85-9184-EF40AD760388}.Release|Any CPU.ActiveCfg = Release|Any CPU
		{A61842E8-DC11-4A85-9184-EF40AD760388}.Release|Any CPU.Build.0 = Release|Any CPU
		{04C37611-52F9-4A28-B7A5-787F241D083A}.Debug|Any CPU.ActiveCfg = Debug|Any CPU
		{04C37611-52F9-4A28-B7A5-787F241D083A}.Debug|Any CPU.Build.0 = Debug|Any CPU
		{04C37611-52F9-4A28-B7A5-787F241D083A}.Release|Any CPU.ActiveCfg = Release|Any CPU
		{04C37611-52F9-4A28-B7A5-787F241D083A}.Release|Any CPU.Build.0 = Release|Any CPU
		{4B29EB96-EF44-4BE4-A825-65FF18E3C19F}.Debug|Any CPU.ActiveCfg = Debug|Any CPU
		{4B29EB96-EF44-4BE4-A825-65FF18E3C19F}.Debug|Any CPU.Build.0 = Debug|Any CPU
		{4B29EB96-EF44-4BE4-A825-65FF18E3C19F}.Release|Any CPU.ActiveCfg = Release|Any CPU
		{4B29EB96-EF44-4BE4-A825-65FF18E3C19F}.Release|Any CPU.Build.0 = Release|Any CPU
		{8DEFCEA1-2D20-4CA8-85CD-82C404C31CEF}.Debug|Any CPU.ActiveCfg = Debug|Any CPU
		{8DEFCEA1-2D20-4CA8-85CD-82C404C31CEF}.Debug|Any CPU.Build.0 = Debug|Any CPU
		{8DEFCEA1-2D20-4CA8-85CD-82C404C31CEF}.Release|Any CPU.ActiveCfg = Release|Any CPU
		{8DEFCEA1-2D20-4CA8-85CD-82C404C31CEF}.Release|Any CPU.Build.0 = Release|Any CPU
		{3CFEC6F8-6E8D-4C55-B1F8-585D0E0DF7BD}.Debug|Any CPU.ActiveCfg = Debug|Any CPU
		{3CFEC6F8-6E8D-4C55-B1F8-585D0E0DF7BD}.Debug|Any CPU.Build.0 = Debug|Any CPU
		{3CFEC6F8-6E8D-4C55-B1F8-585D0E0DF7BD}.Release|Any CPU.ActiveCfg = Release|Any CPU
		{3CFEC6F8-6E8D-4C55-B1F8-585D0E0DF7BD}.Release|Any CPU.Build.0 = Release|Any CPU
		{8974EC36-079C-46A8-B455-81AB8E68CAD6}.Debug|Any CPU.ActiveCfg = Debug|Any CPU
		{8974EC36-079C-46A8-B455-81AB8E68CAD6}.Debug|Any CPU.Build.0 = Debug|Any CPU
		{8974EC36-079C-46A8-B455-81AB8E68CAD6}.Release|Any CPU.ActiveCfg = Release|Any CPU
		{8974EC36-079C-46A8-B455-81AB8E68CAD6}.Release|Any CPU.Build.0 = Release|Any CPU
	EndGlobalSection
	GlobalSection(SolutionProperties) = preSolution
		HideSolutionNode = FALSE
	EndGlobalSection
EndGlobal
